
Microsoft Visual Studio Solution File, Format Version 12.00
# Visual Studio Version 17
VisualStudioVersion = 17.0.32112.339
MinimumVisualStudioVersion = 10.0.40219.1
Project("{FAE04EC0-301F-11D3-BF4B-00C04F79EFBC}") = "MSEM_Dev", "MSEM_Dev\MSEM_Dev.csproj", "{D6CDFE94-5EA4-4AE2-821E-56A1CC2897AE}"
EndProject
Global
	GlobalSection(SolutionConfigurationPlatforms) = preSolution
		Debug|Any CPU = Debug|Any CPU
		Release|Any CPU = Release|Any CPU
	EndGlobalSection
	GlobalSection(ProjectConfigurationPlatforms) = postSolution
		{D6CDFE94-5EA4-4AE2-821E-56A1CC2897AE}.Debug|Any CPU.ActiveCfg = Debug|Any CPU
		{D6CDFE94-5EA4-4AE2-821E-56A1CC2897AE}.Debug|Any CPU.Build.0 = Debug|Any CPU
		{D6CDFE94-5EA4-4AE2-821E-56A1CC2897AE}.Release|Any CPU.ActiveCfg = Release|Any CPU
		{D6CDFE94-5EA4-4AE2-821E-56A1CC2897AE}.Release|Any CPU.Build.0 = Release|Any CPU
	EndGlobalSection
	GlobalSection(SolutionProperties) = preSolution
		HideSolutionNode = FALSE
	EndGlobalSection
	GlobalSection(ExtensibilityGlobals) = postSolution
		SolutionGuid = {F62B61E4-472A-498F-9709-2D226C85BB4C}
	EndGlobalSection
EndGlobal
